
Microsoft Visual Studio Solution File, Format Version 12.00
Project("{F2A71F9B-5D33-465A-A702-920D77279786}") = "WoofWare.NUnitTestRunner", "WoofWare.NUnitTestRunner\WoofWare.NUnitTestRunner.fsproj", "{D4CAE716-79EB-4174-B58C-54E66CF16536}"
EndProject
Project("{F2A71F9B-5D33-465A-A702-920D77279786}") = "Consumer", "Consumer\Consumer.fsproj", "{5C87D399-62EB-4A5F-8F6C-3FD6F1B31684}"
EndProject
Project("{F2A71F9B-5D33-465A-A702-920D77279786}") = "WoofWare.NUnitTestRunner.Lib", "WoofWare.NUnitTestRunner.Lib\WoofWare.NUnitTestRunner.Lib.fsproj", "{8C32F4B9-4CF3-4204-BD24-B32D7E64F5C4}"
EndProject
Project("{F2A71F9B-5D33-465A-A702-920D77279786}") = "WoofWare.NUnitTestRunner.Test", "WoofWare.NUnitTestRunner\WoofWare.NUnitTestRunner.Test\WoofWare.NUnitTestRunner.Test.fsproj", "{443B01B3-2A8C-45CF-96D6-1D890EEA0533}"
EndProject
Project("{FAE04EC0-301F-11D3-BF4B-00C04F79EFBC}") = "WoofWare.NUnitTestRunner.StartupHook", "WoofWare.NUnitTestRunner.StartupHook\WoofWare.NUnitTestRunner.StartupHook.csproj", "{E2C73D96-570C-4E3C-B997-707AF8BB0E6A}"
EndProject
Project("{FAE04EC0-301F-11D3-BF4B-00C04F79EFBC}") = "WoofWare.NUnitTestRunner.StartupHookLogic", "WoofWare.NUnitTestRunner.StartupHookLogic\WoofWare.NUnitTestRunner.StartupHookLogic.csproj", "{A70627C8-9D19-42C2-AFEB-CFBDDDCE045D}"
EndProject
Project("{F2A71F9B-5D33-465A-A702-920D77279786}") = "FailingConsumer", "FailingConsumer\FailingConsumer.fsproj", "{DA7160F5-4C3C-4D2E-918B-7DCBA3F4272E}"
EndProject
Global
	GlobalSection(SolutionConfigurationPlatforms) = preSolution
		Debug|Any CPU = Debug|Any CPU
		Release|Any CPU = Release|Any CPU
	EndGlobalSection
	GlobalSection(ProjectConfigurationPlatforms) = postSolution
		{D4CAE716-79EB-4174-B58C-54E66CF16536}.Debug|Any CPU.ActiveCfg = Debug|Any CPU
		{D4CAE716-79EB-4174-B58C-54E66CF16536}.Debug|Any CPU.Build.0 = Debug|Any CPU
		{D4CAE716-79EB-4174-B58C-54E66CF16536}.Release|Any CPU.ActiveCfg = Release|Any CPU
		{D4CAE716-79EB-4174-B58C-54E66CF16536}.Release|Any CPU.Build.0 = Release|Any CPU
		{5C87D399-62EB-4A5F-8F6C-3FD6F1B31684}.Debug|Any CPU.ActiveCfg = Debug|Any CPU
		{5C87D399-62EB-4A5F-8F6C-3FD6F1B31684}.Debug|Any CPU.Build.0 = Debug|Any CPU
		{5C87D399-62EB-4A5F-8F6C-3FD6F1B31684}.Release|Any CPU.ActiveCfg = Release|Any CPU
		{5C87D399-62EB-4A5F-8F6C-3FD6F1B31684}.Release|Any CPU.Build.0 = Release|Any CPU
		{8C32F4B9-4CF3-4204-BD24-B32D7E64F5C4}.Debug|Any CPU.ActiveCfg = Debug|Any CPU
		{8C32F4B9-4CF3-4204-BD24-B32D7E64F5C4}.Debug|Any CPU.Build.0 = Debug|Any CPU
		{8C32F4B9-4CF3-4204-BD24-B32D7E64F5C4}.Release|Any CPU.ActiveCfg = Release|Any CPU
		{8C32F4B9-4CF3-4204-BD24-B32D7E64F5C4}.Release|Any CPU.Build.0 = Release|Any CPU
		{443B01B3-2A8C-45CF-96D6-1D890EEA0533}.Debug|Any CPU.ActiveCfg = Debug|Any CPU
		{443B01B3-2A8C-45CF-96D6-1D890EEA0533}.Debug|Any CPU.Build.0 = Debug|Any CPU
		{443B01B3-2A8C-45CF-96D6-1D890EEA0533}.Release|Any CPU.ActiveCfg = Release|Any CPU
		{443B01B3-2A8C-45CF-96D6-1D890EEA0533}.Release|Any CPU.Build.0 = Release|Any CPU
		{E2C73D96-570C-4E3C-B997-707AF8BB0E6A}.Debug|Any CPU.ActiveCfg = Debug|Any CPU
		{E2C73D96-570C-4E3C-B997-707AF8BB0E6A}.Debug|Any CPU.Build.0 = Debug|Any CPU
		{E2C73D96-570C-4E3C-B997-707AF8BB0E6A}.Release|Any CPU.ActiveCfg = Release|Any CPU
		{E2C73D96-570C-4E3C-B997-707AF8BB0E6A}.Release|Any CPU.Build.0 = Release|Any CPU
		{A70627C8-9D19-42C2-AFEB-CFBDDDCE045D}.Debug|Any CPU.ActiveCfg = Debug|Any CPU
		{A70627C8-9D19-42C2-AFEB-CFBDDDCE045D}.Debug|Any CPU.Build.0 = Debug|Any CPU
		{A70627C8-9D19-42C2-AFEB-CFBDDDCE045D}.Release|Any CPU.ActiveCfg = Release|Any CPU
		{A70627C8-9D19-42C2-AFEB-CFBDDDCE045D}.Release|Any CPU.Build.0 = Release|Any CPU
		{DA7160F5-4C3C-4D2E-918B-7DCBA3F4272E}.Debug|Any CPU.ActiveCfg = Debug|Any CPU
		{DA7160F5-4C3C-4D2E-918B-7DCBA3F4272E}.Debug|Any CPU.Build.0 = Debug|Any CPU
		{DA7160F5-4C3C-4D2E-918B-7DCBA3F4272E}.Release|Any CPU.ActiveCfg = Release|Any CPU
		{DA7160F5-4C3C-4D2E-918B-7DCBA3F4272E}.Release|Any CPU.Build.0 = Release|Any CPU
	EndGlobalSection
EndGlobal
